
Microsoft Visual Studio Solution File, Format Version 12.00
# Visual Studio Version 16
VisualStudioVersion = 16.0.30114.105
MinimumVisualStudioVersion = 10.0.40219.1
Project("{8BC9CEB8-8B4A-11D0-8D11-00A0C91BC942}") = "LAB 6", "LAB 6\LAB 6.vcxproj", "{0E927CF3-F22E-4296-A554-2316D08559E5}"
EndProject
Project("{8BC9CEB8-8B4A-11D0-8D11-00A0C91BC942}") = "LAB 7", "LAB 7\LAB 7.vcxproj", "{F1234497-483A-4183-A976-27FBD9A19E84}"
EndProject
Global
	GlobalSection(SolutionConfigurationPlatforms) = preSolution
		Debug|x64 = Debug|x64
		Debug|x86 = Debug|x86
		Release|x64 = Release|x64
		Release|x86 = Release|x86
	EndGlobalSection
	GlobalSection(ProjectConfigurationPlatforms) = postSolution
		{0E927CF3-F22E-4296-A554-2316D08559E5}.Debug|x64.ActiveCfg = Debug|x64
		{0E927CF3-F22E-4296-A554-2316D08559E5}.Debug|x64.Build.0 = Debug|x64
		{0E927CF3-F22E-4296-A554-2316D08559E5}.Debug|x86.ActiveCfg = Debug|Win32
		{0E927CF3-F22E-4296-A554-2316D08559E5}.Debug|x86.Build.0 = Debug|Win32
		{0E927CF3-F22E-4296-A554-2316D08559E5}.Release|x64.ActiveCfg = Release|x64
		{0E927CF3-F22E-4296-A554-2316D08559E5}.Release|x64.Build.0 = Release|x64
		{0E927CF3-F22E-4296-A554-2316D08559E5}.Release|x86.ActiveCfg = Release|Win32
		{0E927CF3-F22E-4296-A554-2316D08559E5}.Release|x86.Build.0 = Release|Win32
		{F1234497-483A-4183-A976-27FBD9A19E84}.Debug|x64.ActiveCfg = Debug|x64
		{F1234497-483A-4183-A976-27FBD9A19E84}.Debug|x64.Build.0 = Debug|x64
		{F1234497-483A-4183-A976-27FBD9A19E84}.Debug|x86.ActiveCfg = Debug|Win32
		{F1234497-483A-4183-A976-27FBD9A19E84}.Debug|x86.Build.0 = Debug|Win32
		{F1234497-483A-4183-A976-27FBD9A19E84}.Release|x64.ActiveCfg = Release|x64
		{F1234497-483A-4183-A976-27FBD9A19E84}.Release|x64.Build.0 = Release|x64
		{F1234497-483A-4183-A976-27FBD9A19E84}.Release|x86.ActiveCfg = Release|Win32
		{F1234497-483A-4183-A976-27FBD9A19E84}.Release|x86.Build.0 = Release|Win32
	EndGlobalSection
	GlobalSection(SolutionProperties) = preSolution
		HideSolutionNode = FALSE
	EndGlobalSection
	GlobalSection(ExtensibilityGlobals) = postSolution
		SolutionGuid = {D19EE3F3-D5D0-47B7-BE1B-EDF9278038AD}
	EndGlobalSection
EndGlobal
